{
  "nodes": {
    "catppuccin": {
      "flake": false,
      "locked": {
        "lastModified": 1687926646,
        "narHash": "sha256-/pQsEooNqrAz1hjimiO9u2OhWIWmtMOvKWQB56xSJbs=",
        "owner": "catppuccin",
        "repo": "nvim",
        "rev": "12894370fa3c9e2200f3724c4184354d6b79733a",
        "type": "github"
      },
      "original": {
        "owner": "catppuccin",
        "repo": "nvim",
        "type": "github"
      }
    },
    "dracula": {
      "flake": false,
      "locked": {
        "lastModified": 1687207996,
        "narHash": "sha256-wPV6g4ggwI2yHHIFH8wUp7jsfd2MXUoyXKcKmqJTbuc=",
        "owner": "dracula",
        "repo": "vim",
        "rev": "3e52a0682a53dd7c2c53133d45948f5a49c5fd9a",
        "type": "github"
      },
      "original": {
        "owner": "dracula",
        "repo": "vim",
        "type": "github"
      }
    },
    "dracula-nvim": {
      "flake": false,
      "locked": {
        "lastModified": 1686505228,
        "narHash": "sha256-FjQGCn+9m50CBP6KHBVuYQvbHPdApA1yShnkuiwMAfw=",
        "owner": "Mofiqul",
        "repo": "dracula.nvim",
        "rev": "5716b1395b32a5865476dd3314bd8888e5f91532",
        "type": "github"
      },
      "original": {
        "owner": "Mofiqul",
        "repo": "dracula.nvim",
        "type": "github"
      }
    },
    "flake-utils": {
      "inputs": {
        "systems": "systems"
      },
      "locked": {
        "lastModified": 1687709756,
        "narHash": "sha256-Y5wKlQSkgEK2weWdOu4J3riRd+kV/VCgHsqLNTTWQ/0=",
        "owner": "numtide",
        "repo": "flake-utils",
        "rev": "dbabf0ca0c0c4bce6ea5eaf65af5cb694d2082c7",
        "type": "github"
      },
      "original": {
        "owner": "numtide",
        "repo": "flake-utils",
        "type": "github"
      }
    },
    "fugitive": {
      "flake": false,
      "locked": {
        "lastModified": 1686612451,
        "narHash": "sha256-gK9qJnBRpc2n0ED6w2GEx9Exrtw4R0jIwnevI1r0M2k=",
        "owner": "tpope",
        "repo": "vim-fugitive",
        "rev": "43f18ab9155c853a84ded560c6104e6300ad41da",
        "type": "github"
      },
      "original": {
        "owner": "tpope",
        "repo": "vim-fugitive",
        "type": "github"
      }
    },
    "gitsigns": {
      "flake": false,
      "locked": {
        "lastModified": 1687264756,
        "narHash": "sha256-V16DU/uq5D9GmvNjdZEVIj5xG9JoS6tII1Y9dev0As8=",
        "owner": "lewis6991",
        "repo": "gitsigns.nvim",
        "rev": "a36bc3360d584d39b4fb076d855c4180842d4444",
        "type": "github"
      },
      "original": {
        "owner": "lewis6991",
        "repo": "gitsigns.nvim",
        "type": "github"
      }
    },
    "gruvbox": {
      "flake": false,
      "locked": {
        "lastModified": 1682256511,
        "narHash": "sha256-XTwPcq1dyZKVy1b+FUUjMEHndpcTPYSp1p7bx9m8+Bg=",
        "owner": "ellisonleao",
        "repo": "gruvbox.nvim",
        "rev": "df149bccb19a02c5c2b9fa6ec0716f0c0487feb0",
        "type": "github"
      },
      "original": {
        "owner": "ellisonleao",
        "repo": "gruvbox.nvim",
        "type": "github"
      }
    },
    "lualine": {
      "flake": false,
      "locked": {
        "lastModified": 1683213422,
        "narHash": "sha256-ltHE8UIquGo07BSlFGM1l3wmTNN43i8kx6QY7Fj2CNo=",
        "owner": "nvim-lualine",
        "repo": "lualine.nvim",
        "rev": "05d78e9fd0cdfb4545974a5aa14b1be95a86e9c9",
        "type": "github"
      },
      "original": {
        "owner": "nvim-lualine",
        "repo": "lualine.nvim",
        "type": "github"
      }
    },
    "nixpkgs": {
      "locked": {
        "lastModified": 1688115279,
        "narHash": "sha256-ducqxM4TMCmImUk2D4TRatBo88e2o/WU8OVIg3pSUTo=",
        "owner": "NixOS",
        "repo": "nixpkgs",
        "rev": "6ce3dee9a1994fe10ec90603aa681592d60a240a",
        "type": "github"
      },
      "original": {
        "owner": "NixOS",
        "repo": "nixpkgs",
        "type": "github"
      }
    },
    "nvim-tree-lua": {
      "flake": false,
      "locked": {
        "lastModified": 1688174900,
        "narHash": "sha256-Md0H4J8lggMGjRmb1RQ+1hd3mamXQUmZZM81nyRjH4w=",
        "owner": "kyazdani42",
        "repo": "nvim-tree.lua",
        "rev": "1fe32286db79719dd6e52236f82c5b52df3ccaa9",
        "type": "github"
      },
      "original": {
        "owner": "kyazdani42",
        "repo": "nvim-tree.lua",
        "type": "github"
      }
    },
    "nvim-web-devicons": {
      "flake": false,
      "locked": {
        "lastModified": 1687651460,
        "narHash": "sha256-lN8LUgQ0sJDMByFkUmfVy6h2EVPAP3hqrwqE0++XgMQ=",
        "owner": "nvim-tree",
        "repo": "nvim-web-devicons",
        "rev": "9ab9b0b894b2388a9dbcdee5f00ce72e25d85bf9",
        "type": "github"
      },
      "original": {
        "owner": "nvim-tree",
        "repo": "nvim-web-devicons",
        "type": "github"
      }
    },
    "onedark": {
      "flake": false,
      "locked": {
        "lastModified": 1686564552,
        "narHash": "sha256-sFqUrXvKkV4l3hTJUwCy4i3UrY53Z+Z/2h9b/iaj6lQ=",
        "owner": "navarasu",
        "repo": "onedark.nvim",
        "rev": "462b45758ea94ff30ad48979268094590a6b7b7e",
        "type": "github"
      },
      "original": {
        "owner": "navarasu",
        "repo": "onedark.nvim",
        "type": "github"
      }
    },
    "plenary-nvim": {
      "flake": false,
      "locked": {
        "lastModified": 1688103958,
        "narHash": "sha256-sxTxPbV3GTG+mJoLV47V00i1V0KOimcYgMNoEj4mDcA=",
        "owner": "nvim-lua",
        "repo": "plenary.nvim",
        "rev": "102c02903c74b93c705406bf362049383abc87c8",
        "type": "github"
      },
      "original": {
        "owner": "nvim-lua",
        "repo": "plenary.nvim",
        "type": "github"
      }
    },
    "root": {
      "inputs": {
        "catppuccin": "catppuccin",
        "dracula": "dracula",
        "dracula-nvim": "dracula-nvim",
        "flake-utils": "flake-utils",
        "fugitive": "fugitive",
        "gitsigns": "gitsigns",
        "gruvbox": "gruvbox",
        "lualine": "lualine",
        "nixpkgs": "nixpkgs",
        "nvim-tree-lua": "nvim-tree-lua",
        "nvim-web-devicons": "nvim-web-devicons",
        "onedark": "onedark",
        "plenary-nvim": "plenary-nvim",
        "telescope": "telescope",
        "tokyonight": "tokyonight"
      }
    },
    "systems": {
      "locked": {
        "lastModified": 1681028828,
        "narHash": "sha256-Vy1rq5AaRuLzOxct8nz4T6wlgyUR7zLU309k9mBC768=",
        "owner": "nix-systems",
        "repo": "default",
        "rev": "da67096a3b9bf56a91d16901293e51ba5b49a27e",
        "type": "github"
      },
      "original": {
        "owner": "nix-systems",
        "repo": "default",
        "type": "github"
      }
    },
    "telescope": {
      "flake": false,
      "locked": {
        "lastModified": 1688234220,
        "narHash": "sha256-2eGF1vuAg8FtFRP6vFB+NE/T+TVAIHDdCUpZmDTVTqw=",
        "owner": "nvim-telescope",
        "repo": "telescope.nvim",
        "rev": "b14de80d1cdf66f988f6550ca8577c43bb3797cd",
        "type": "github"
      },
      "original": {
        "owner": "nvim-telescope",
        "repo": "telescope.nvim",
        "type": "github"
      }
    },
    "tokyonight": {
      "flake": false,
      "locked": {
        "lastModified": 1688194258,
        "narHash": "sha256-cdRCUj0t8Y+WKcUxqhHWX6epUzAQI+kMMjn7RDa98VU=",
        "owner": "folke",
        "repo": "tokyonight.nvim",
        "rev": "d785293494c59ce0940c00b8b044fc672d2902b1",
        "type": "github"
      },
      "original": {
        "owner": "folke",
        "repo": "tokyonight.nvim",
        "type": "github"
      }
    }
  },
  "root": "root",
  "version": 7
}
